{
  "name": "mnist-test-data",
  "version": "1.0.0",
  "lockfileVersion": 2,
  "requires": true,
  "packages": {
    "": {
      "name": "mnist-test-data",
      "version": "1.0.0",
      "license": "ISC",
      "dependencies": {
        "cs544-js-utils": "file:lib/cs544-js-utils",
        "prj1-sol": "file:lib/cs544-node-utils"
      }
    },
    "lib/cs544-js-utils": {},
    "lib/cs544-node-utils": {},
    "node_modules/cs544-js-utils": {
      "resolved": "lib/cs544-js-utils",
      "link": true
    },
    "node_modules/prj1-sol": {
      "resolved": "lib/cs544-node-utils",
      "link": true
    }
  },
  "dependencies": {
    "cs544-js-utils": {
      "version": "file:lib/cs544-js-utils"
    },
    "prj1-sol": {
      "version": "file:lib/cs544-node-utils"
    }
  }
}
