{
  "name": "cs544-node-utils",
  "version": "1.0.0",
  "lockfileVersion": 2,
  "requires": true,
  "packages": {
    "": {
      "name": "cs544-node-utils",
      "version": "1.0.0",
      "license": "ISC",
      "dependencies": {
        "cs544-js-utils": "file:../cs544-js-utils"
      }
    },
    "../cs544-js-utils": {
      "version": "1.0.0",
      "license": "ISC",
      "devDependencies": {
        "chai": "^4.3.6",
        "mocha": "^10.0.0"
      }
    },
    "node_modules/cs544-js-utils": {
      "resolved": "../cs544-js-utils",
      "link": true
    }
  },
  "dependencies": {
    "cs544-js-utils": {
      "version": "file:../cs544-js-utils",
      "requires": {
        "chai": "^4.3.6",
        "mocha": "^10.0.0"
      }
    }
  }
}
